
Microsoft Visual Studio Solution File, Format Version 12.00
# Visual Studio 15
VisualStudioVersion = 15.0.28307.271
MinimumVisualStudioVersion = 10.0.40219.1
Project("{FAE04EC0-301F-11D3-BF4B-00C04F79EFBC}") = "multiple_form", "multiple_form\multiple_form.csproj", "{59E74867-560F-436D-AABA-47E78FFC627E}"
EndProject
Global
	GlobalSection(SolutionConfigurationPlatforms) = preSolution
		Debug|Any CPU = Debug|Any CPU
		Release|Any CPU = Release|Any CPU
	EndGlobalSection
	GlobalSection(ProjectConfigurationPlatforms) = postSolution
		{59E74867-560F-436D-AABA-47E78FFC627E}.Debug|Any CPU.ActiveCfg = Debug|Any CPU
		{59E74867-560F-436D-AABA-47E78FFC627E}.Debug|Any CPU.Build.0 = Debug|Any CPU
		{59E74867-560F-436D-AABA-47E78FFC627E}.Release|Any CPU.ActiveCfg = Release|Any CPU
		{59E74867-560F-436D-AABA-47E78FFC627E}.Release|Any CPU.Build.0 = Release|Any CPU
	EndGlobalSection
	GlobalSection(SolutionProperties) = preSolution
		HideSolutionNode = FALSE
	EndGlobalSection
	GlobalSection(ExtensibilityGlobals) = postSolution
		SolutionGuid = {F8ADCF5C-9492-4BAD-89F0-12CB9131B850}
	EndGlobalSection
EndGlobal
