
Microsoft Visual Studio Solution File, Format Version 12.00
# Visual Studio 15
VisualStudioVersion = 15.0.28307.271
MinimumVisualStudioVersion = 10.0.40219.1
Project("{FAE04EC0-301F-11D3-BF4B-00C04F79EFBC}") = "do-do-while", "do-do-while\do-do-while.csproj", "{F5D76A73-E607-4C5F-8DAF-3FB153BC5726}"
EndProject
Global
	GlobalSection(SolutionConfigurationPlatforms) = preSolution
		Debug|Any CPU = Debug|Any CPU
		Release|Any CPU = Release|Any CPU
	EndGlobalSection
	GlobalSection(ProjectConfigurationPlatforms) = postSolution
		{F5D76A73-E607-4C5F-8DAF-3FB153BC5726}.Debug|Any CPU.ActiveCfg = Debug|Any CPU
		{F5D76A73-E607-4C5F-8DAF-3FB153BC5726}.Debug|Any CPU.Build.0 = Debug|Any CPU
		{F5D76A73-E607-4C5F-8DAF-3FB153BC5726}.Release|Any CPU.ActiveCfg = Release|Any CPU
		{F5D76A73-E607-4C5F-8DAF-3FB153BC5726}.Release|Any CPU.Build.0 = Release|Any CPU
	EndGlobalSection
	GlobalSection(SolutionProperties) = preSolution
		HideSolutionNode = FALSE
	EndGlobalSection
	GlobalSection(ExtensibilityGlobals) = postSolution
		SolutionGuid = {74874550-7630-4B20-97B9-7CCAA72DBB63}
	EndGlobalSection
EndGlobal
