
Microsoft Visual Studio Solution File, Format Version 12.00
# Visual Studio 15
VisualStudioVersion = 15.0.28307.271
MinimumVisualStudioVersion = 10.0.40219.1
Project("{FAE04EC0-301F-11D3-BF4B-00C04F79EFBC}") = "if-statement-3", "if-statement-3\if-statement-3.csproj", "{39524990-9A3C-4D55-9DBE-6515D72F746E}"
EndProject
Global
	GlobalSection(SolutionConfigurationPlatforms) = preSolution
		Debug|Any CPU = Debug|Any CPU
		Release|Any CPU = Release|Any CPU
	EndGlobalSection
	GlobalSection(ProjectConfigurationPlatforms) = postSolution
		{39524990-9A3C-4D55-9DBE-6515D72F746E}.Debug|Any CPU.ActiveCfg = Debug|Any CPU
		{39524990-9A3C-4D55-9DBE-6515D72F746E}.Debug|Any CPU.Build.0 = Debug|Any CPU
		{39524990-9A3C-4D55-9DBE-6515D72F746E}.Release|Any CPU.ActiveCfg = Release|Any CPU
		{39524990-9A3C-4D55-9DBE-6515D72F746E}.Release|Any CPU.Build.0 = Release|Any CPU
	EndGlobalSection
	GlobalSection(SolutionProperties) = preSolution
		HideSolutionNode = FALSE
	EndGlobalSection
	GlobalSection(ExtensibilityGlobals) = postSolution
		SolutionGuid = {CF12C067-A326-49C8-805B-B7BF998724A7}
	EndGlobalSection
EndGlobal
