
Microsoft Visual Studio Solution File, Format Version 12.00
# Visual Studio 15
VisualStudioVersion = 15.0.28307.271
MinimumVisualStudioVersion = 10.0.40219.1
Project("{FAE04EC0-301F-11D3-BF4B-00C04F79EFBC}") = "for-foreach-loop", "for-foreach-loop\for-foreach-loop.csproj", "{2D7BC499-885A-4A06-AA33-3E82C37D9DBE}"
EndProject
Global
	GlobalSection(SolutionConfigurationPlatforms) = preSolution
		Debug|Any CPU = Debug|Any CPU
		Release|Any CPU = Release|Any CPU
	EndGlobalSection
	GlobalSection(ProjectConfigurationPlatforms) = postSolution
		{2D7BC499-885A-4A06-AA33-3E82C37D9DBE}.Debug|Any CPU.ActiveCfg = Debug|Any CPU
		{2D7BC499-885A-4A06-AA33-3E82C37D9DBE}.Debug|Any CPU.Build.0 = Debug|Any CPU
		{2D7BC499-885A-4A06-AA33-3E82C37D9DBE}.Release|Any CPU.ActiveCfg = Release|Any CPU
		{2D7BC499-885A-4A06-AA33-3E82C37D9DBE}.Release|Any CPU.Build.0 = Release|Any CPU
	EndGlobalSection
	GlobalSection(SolutionProperties) = preSolution
		HideSolutionNode = FALSE
	EndGlobalSection
	GlobalSection(ExtensibilityGlobals) = postSolution
		SolutionGuid = {C2BF7D98-E738-429F-8CB4-F3B6EECB2D9A}
	EndGlobalSection
EndGlobal
