
Microsoft Visual Studio Solution File, Format Version 12.00
# Visual Studio 15
VisualStudioVersion = 15.0.28307.271
MinimumVisualStudioVersion = 10.0.40219.1
Project("{FAE04EC0-301F-11D3-BF4B-00C04F79EFBC}") = "switch-statement", "switch-statement\switch-statement.csproj", "{F45CC89C-4358-4865-BFBE-DB48A867B41B}"
EndProject
Global
	GlobalSection(SolutionConfigurationPlatforms) = preSolution
		Debug|Any CPU = Debug|Any CPU
		Release|Any CPU = Release|Any CPU
	EndGlobalSection
	GlobalSection(ProjectConfigurationPlatforms) = postSolution
		{F45CC89C-4358-4865-BFBE-DB48A867B41B}.Debug|Any CPU.ActiveCfg = Debug|Any CPU
		{F45CC89C-4358-4865-BFBE-DB48A867B41B}.Debug|Any CPU.Build.0 = Debug|Any CPU
		{F45CC89C-4358-4865-BFBE-DB48A867B41B}.Release|Any CPU.ActiveCfg = Release|Any CPU
		{F45CC89C-4358-4865-BFBE-DB48A867B41B}.Release|Any CPU.Build.0 = Release|Any CPU
	EndGlobalSection
	GlobalSection(SolutionProperties) = preSolution
		HideSolutionNode = FALSE
	EndGlobalSection
	GlobalSection(ExtensibilityGlobals) = postSolution
		SolutionGuid = {195482CF-3E7C-4E60-A8B6-6099CB8DCDE8}
	EndGlobalSection
EndGlobal
